// !$*UTF8*$!
{
	archiveVersion = 1;
	classes = {
	};
	objectVersion = 50;
	objects = {

/* Begin PBXBuildFile section */
		92D9557822CA40F900F34DB8 /* AppDelegate.swift in Sources */ = {isa = PBXBuildFile; fileRef = 92D9557722CA40F900F34DB8 /* AppDelegate.swift */; };
		92D9557A22CA40F900F34DB8 /* ViewController.swift in Sources */ = {isa = PBXBuildFile; fileRef = 92D9557922CA40F900F34DB8 /* ViewController.swift */; };
		92D9557D22CA40F900F34DB8 /* Main.storyboard in Resources */ = {isa = PBXBuildFile; fileRef = 92D9557B22CA40F900F34DB8 /* Main.storyboard */; };
		92D9557F22CA40FB00F34DB8 /* Assets.xcassets in Resources */ = {isa = PBXBuildFile; fileRef = 92D9557E22CA40FB00F34DB8 /* Assets.xcassets */; };
		92D9558222CA40FB00F34DB8 /* LaunchScreen.storyboard in Resources */ = {isa = PBXBuildFile; fileRef = 92D9558022CA40FB00F34DB8 /* LaunchScreen.storyboard */; };
		92D9558D22CA40FB00F34DB8 /* CitankiTests.swift in Sources */ = {isa = PBXBuildFile; fileRef = 92D9558C22CA40FB00F34DB8 /* CitankiTests.swift */; };
		92D9559822CA40FB00F34DB8 /* CitankiUITests.swift in Sources */ = {isa = PBXBuildFile; fileRef = 92D9559722CA40FB00F34DB8 /* CitankiUITests.swift */; };
/* End PBXBuildFile section */

/* Begin PBXContainerItemProxy section */
		92D9558922CA40FB00F34DB8 /* PBXContainerItemProxy */ = {
			isa = PBXContainerItemProxy;
			containerPortal = 92D9556C22CA40F900F34DB8 /* Project object */;
			proxyType = 1;
			remoteGlobalIDString = 92D9557322CA40F900F34DB8;
			remoteInfo = Citanki;
		};
		92D9559422CA40FB00F34DB8 /* PBXContainerItemProxy */ = {
			isa = PBXContainerItemProxy;
			containerPortal = 92D9556C22CA40F900F34DB8 /* Project object */;
			proxyType = 1;
			remoteGlobalIDString = 92D9557322CA40F900F34DB8;
			remoteInfo = Citanki;
		};
/* End PBXContainerItemProxy section */

/* Begin PBXFileReference section */
		92D9557422CA40F900F34DB8 /* Citanki.app */ = {isa = PBXFileReference; explicitFileType = wrapper.application; includeInIndex = 0; path = Citanki.app; sourceTree = BUILT_PRODUCTS_DIR; };
		92D9557722CA40F900F34DB8 /* AppDelegate.swift */ = {isa = PBXFileReference; lastKnownFileType = sourcecode.swift; path = AppDelegate.swift; sourceTree = "<group>"; };
		92D9557922CA40F900F34DB8 /* ViewController.swift */ = {isa = PBXFileReference; lastKnownFileType = sourcecode.swift; path = ViewController.swift; sourceTree = "<group>"; };
		92D9557C22CA40F900F34DB8 /* Base */ = {isa = PBXFileReference; lastKnownFileType = file.storyboard; name = Base; path = Base.lproj/Main.storyboard; sourceTree = "<group>"; };
		92D9557E22CA40FB00F34DB8 /* Assets.xcassets */ = {isa = PBXFileReference; lastKnownFileType = folder.assetcatalog; path = Assets.xcassets; sourceTree = "<group>"; };
		92D9558122CA40FB00F34DB8 /* Base */ = {isa = PBXFileReference; lastKnownFileType = file.storyboard; name = Base; path = Base.lproj/LaunchScreen.storyboard; sourceTree = "<group>"; };
		92D9558322CA40FB00F34DB8 /* Info.plist */ = {isa = PBXFileReference; lastKnownFileType = text.plist.xml; path = Info.plist; sourceTree = "<group>"; };
		92D9558822CA40FB00F34DB8 /* CitankiTests.xctest */ = {isa = PBXFileReference; explicitFileType = wrapper.cfbundle; includeInIndex = 0; path = CitankiTests.xctest; sourceTree = BUILT_PRODUCTS_DIR; };
		92D9558C22CA40FB00F34DB8 /* CitankiTests.swift */ = {isa = PBXFileReference; lastKnownFileType = sourcecode.swift; path = CitankiTests.swift; sourceTree = "<group>"; };
		92D9558E22CA40FB00F34DB8 /* Info.plist */ = {isa = PBXFileReference; lastKnownFileType = text.plist.xml; path = Info.plist; sourceTree = "<group>"; };
		92D9559322CA40FB00F34DB8 /* CitankiUITests.xctest */ = {isa = PBXFileReference; explicitFileType = wrapper.cfbundle; includeInIndex = 0; path = CitankiUITests.xctest; sourceTree = BUILT_PRODUCTS_DIR; };
		92D9559722CA40FB00F34DB8 /* CitankiUITests.swift */ = {isa = PBXFileReference; lastKnownFileType = sourcecode.swift; path = CitankiUITests.swift; sourceTree = "<group>"; };
		92D9559922CA40FB00F34DB8 /* Info.plist */ = {isa = PBXFileReference; lastKnownFileType = text.plist.xml; path = Info.plist; sourceTree = "<group>"; };
/* End PBXFileReference section */

/* Begin PBXFrameworksBuildPhase section */
		92D9557122CA40F900F34DB8 /* Frameworks */ = {
			isa = PBXFrameworksBuildPhase;
			buildActionMask = 2147483647;
			files = (
			);
			runOnlyForDeploymentPostprocessing = 0;
		};
		92D9558522CA40FB00F34DB8 /* Frameworks */ = {
			isa = PBXFrameworksBuildPhase;
			buildActionMask = 2147483647;
			files = (
			);
			runOnlyForDeploymentPostprocessing = 0;
		};
		92D9559022CA40FB00F34DB8 /* Frameworks */ = {
			isa = PBXFrameworksBuildPhase;
			buildActionMask = 2147483647;
			files = (
			);
			runOnlyForDeploymentPostprocessing = 0;
		};
/* End PBXFrameworksBuildPhase section */

/* Begin PBXGroup section */
		92D9556B22CA40F900F34DB8 = {
			isa = PBXGroup;
			children = (
				92D9557622CA40F900F34DB8 /* Citanki */,
				92D9558B22CA40FB00F34DB8 /* CitankiTests */,
				92D9559622CA40FB00F34DB8 /* CitankiUITests */,
				92D9557522CA40F900F34DB8 /* Products */,
			);
			sourceTree = "<group>";
		};
		92D9557522CA40F900F34DB8 /* Products */ = {
			isa = PBXGroup;
			children = (
				92D9557422CA40F900F34DB8 /* Citanki.app */,
				92D9558822CA40FB00F34DB8 /* CitankiTests.xctest */,
				92D9559322CA40FB00F34DB8 /* CitankiUITests.xctest */,
			);
			name = Products;
			sourceTree = "<group>";
		};
		92D9557622CA40F900F34DB8 /* Citanki */ = {
			isa = PBXGroup;
			children = (
				92D9557722CA40F900F34DB8 /* AppDelegate.swift */,
				92D9557922CA40F900F34DB8 /* ViewController.swift */,
				92D9557B22CA40F900F34DB8 /* Main.storyboard */,
				92D9557E22CA40FB00F34DB8 /* Assets.xcassets */,
				92D9558022CA40FB00F34DB8 /* LaunchScreen.storyboard */,
				92D9558322CA40FB00F34DB8 /* Info.plist */,
			);
			path = Citanki;
			sourceTree = "<group>";
		};
		92D9558B22CA40FB00F34DB8 /* CitankiTests */ = {
			isa = PBXGroup;
			children = (
				92D9558C22CA40FB00F34DB8 /* CitankiTests.swift */,
				92D9558E22CA40FB00F34DB8 /* Info.plist */,
			);
			path = CitankiTests;
			sourceTree = "<group>";
		};
		92D9559622CA40FB00F34DB8 /* CitankiUITests */ = {
			isa = PBXGroup;
			children = (
				92D9559722CA40FB00F34DB8 /* CitankiUITests.swift */,
				92D9559922CA40FB00F34DB8 /* Info.plist */,
			);
			path = CitankiUITests;
			sourceTree = "<group>";
		};
/* End PBXGroup section */

/* Begin PBXNativeTarget section */
		92D9557322CA40F900F34DB8 /* Citanki */ = {
			isa = PBXNativeTarget;
			buildConfigurationList = 92D9559C22CA40FB00F34DB8 /* Build configuration list for PBXNativeTarget "Citanki" */;
			buildPhases = (
				92D9557022CA40F900F34DB8 /* Sources */,
				92D9557122CA40F900F34DB8 /* Frameworks */,
				92D9557222CA40F900F34DB8 /* Resources */,
			);
			buildRules = (
			);
			dependencies = (
			);
			name = Citanki;
			productName = Citanki;
			productReference = 92D9557422CA40F900F34DB8 /* Citanki.app */;
			productType = "com.apple.product-type.application";
		};
		92D9558722CA40FB00F34DB8 /* CitankiTests */ = {
			isa = PBXNativeTarget;
			buildConfigurationList = 92D9559F22CA40FB00F34DB8 /* Build configuration list for PBXNativeTarget "CitankiTests" */;
			buildPhases = (
				92D9558422CA40FB00F34DB8 /* Sources */,
				92D9558522CA40FB00F34DB8 /* Frameworks */,
				92D9558622CA40FB00F34DB8 /* Resources */,
			);
			buildRules = (
			);
			dependencies = (
				92D9558A22CA40FB00F34DB8 /* PBXTargetDependency */,
			);
			name = CitankiTests;
			productName = CitankiTests;
			productReference = 92D9558822CA40FB00F34DB8 /* CitankiTests.xctest */;
			productType = "com.apple.product-type.bundle.unit-test";
		};
		92D9559222CA40FB00F34DB8 /* CitankiUITests */ = {
			isa = PBXNativeTarget;
			buildConfigurationList = 92D955A222CA40FB00F34DB8 /* Build configuration list for PBXNativeTarget "CitankiUITests" */;
			buildPhases = (
				92D9558F22CA40FB00F34DB8 /* Sources */,
				92D9559022CA40FB00F34DB8 /* Frameworks */,
				92D9559122CA40FB00F34DB8 /* Resources */,
			);
			buildRules = (
			);
			dependencies = (
				92D9559522CA40FB00F34DB8 /* PBXTargetDependency */,
			);
			name = CitankiUITests;
			productName = CitankiUITests;
			productReference = 92D9559322CA40FB00F34DB8 /* CitankiUITests.xctest */;
			productType = "com.apple.product-type.bundle.ui-testing";
		};
/* End PBXNativeTarget section */

/* Begin PBXProject section */
		92D9556C22CA40F900F34DB8 /* Project object */ = {
			isa = PBXProject;
			attributes = {
				LastSwiftUpdateCheck = 1020;
				LastUpgradeCheck = 1020;
				ORGANIZATIONNAME = "Alan Victor Paulino de Oliveira";
				TargetAttributes = {
					92D9557322CA40F900F34DB8 = {
						CreatedOnToolsVersion = 10.2.1;
					};
					92D9558722CA40FB00F34DB8 = {
						CreatedOnToolsVersion = 10.2.1;
						TestTargetID = 92D9557322CA40F900F34DB8;
					};
					92D9559222CA40FB00F34DB8 = {
						CreatedOnToolsVersion = 10.2.1;
						TestTargetID = 92D9557322CA40F900F34DB8;
					};
				};
			};
			buildConfigurationList = 92D9556F22CA40F900F34DB8 /* Build configuration list for PBXProject "Citanki" */;
			compatibilityVersion = "Xcode 9.3";
			developmentRegion = en;
			hasScannedForEncodings = 0;
			knownRegions = (
				en,
				Base,
			);
			mainGroup = 92D9556B22CA40F900F34DB8;
			productRefGroup = 92D9557522CA40F900F34DB8 /* Products */;
			projectDirPath = "";
			projectRoot = "";
			targets = (
				92D9557322CA40F900F34DB8 /* Citanki */,
				92D9558722CA40FB00F34DB8 /* CitankiTests */,
				92D9559222CA40FB00F34DB8 /* CitankiUITests */,
			);
		};
/* End PBXProject section */

/* Begin PBXResourcesBuildPhase section */
		92D9557222CA40F900F34DB8 /* Resources */ = {
			isa = PBXResourcesBuildPhase;
			buildActionMask = 2147483647;
			files = (
				92D9558222CA40FB00F34DB8 /* LaunchScreen.storyboard in Resources */,
				92D9557F22CA40FB00F34DB8 /* Assets.xcassets in Resources */,
				92D9557D22CA40F900F34DB8 /* Main.storyboard in Resources */,
			);
			runOnlyForDeploymentPostprocessing = 0;
		};
		92D9558622CA40FB00F34DB8 /* Resources */ = {
			isa = PBXResourcesBuildPhase;
			buildActionMask = 2147483647;
			files = (
			);
			runOnlyForDeploymentPostprocessing = 0;
		};
		92D9559122CA40FB00F34DB8 /* Resources */ = {
			isa = PBXResourcesBuildPhase;
			buildActionMask = 2147483647;
			files = (
			);
			runOnlyForDeploymentPostprocessing = 0;
		};
/* End PBXResourcesBuildPhase section */

/* Begin PBXSourcesBuildPhase section */
		92D9557022CA40F900F34DB8 /* Sources */ = {
			isa = PBXSourcesBuildPhase;
			buildActionMask = 2147483647;
			files = (
				92D9557A22CA40F900F34DB8 /* ViewController.swift in Sources */,
				92D9557822CA40F900F34DB8 /* AppDelegate.swift in Sources */,
			);
			runOnlyForDeploymentPostprocessing = 0;
		};
		92D9558422CA40FB00F34DB8 /* Sources */ = {
			isa = PBXSourcesBuildPhase;
			buildActionMask = 2147483647;
			files = (
				92D9558D22CA40FB00F34DB8 /* CitankiTests.swift in Sources */,
			);
			runOnlyForDeploymentPostprocessing = 0;
		};
		92D9558F22CA40FB00F34DB8 /* Sources */ = {
			isa = PBXSourcesBuildPhase;
			buildActionMask = 2147483647;
			files = (
				92D9559822CA40FB00F34DB8 /* CitankiUITests.swift in Sources */,
			);
			runOnlyForDeploymentPostprocessing = 0;
		};
/* End PBXSourcesBuildPhase section */

/* Begin PBXTargetDependency section */
		92D9558A22CA40FB00F34DB8 /* PBXTargetDependency */ = {
			isa = PBXTargetDependency;
			target = 92D9557322CA40F900F34DB8 /* Citanki */;
			targetProxy = 92D9558922CA40FB00F34DB8 /* PBXContainerItemProxy */;
		};
		92D9559522CA40FB00F34DB8 /* PBXTargetDependency */ = {
			isa = PBXTargetDependency;
			target = 92D9557322CA40F900F34DB8 /* Citanki */;
			targetProxy = 92D9559422CA40FB00F34DB8 /* PBXContainerItemProxy */;
		};
/* End PBXTargetDependency section */

/* Begin PBXVariantGroup section */
		92D9557B22CA40F900F34DB8 /* Main.storyboard */ = {
			isa = PBXVariantGroup;
			children = (
				92D9557C22CA40F900F34DB8 /* Base */,
			);
			name = Main.storyboard;
			sourceTree = "<group>";
		};
		92D9558022CA40FB00F34DB8 /* LaunchScreen.storyboard */ = {
			isa = PBXVariantGroup;
			children = (
				92D9558122CA40FB00F34DB8 /* Base */,
			);
			name = LaunchScreen.storyboard;
			sourceTree = "<group>";
		};
/* End PBXVariantGroup section */

/* Begin XCBuildConfiguration section */
		92D9559A22CA40FB00F34DB8 /* Debug */ = {
			isa = XCBuildConfiguration;
			buildSettings = {
				ALWAYS_SEARCH_USER_PATHS = NO;
				CLANG_ANALYZER_NONNULL = YES;
				CLANG_ANALYZER_NUMBER_OBJECT_CONVERSION = YES_AGGRESSIVE;
				CLANG_CXX_LANGUAGE_STANDARD = "gnu++14";
				CLANG_CXX_LIBRARY = "libc++";
				CLANG_ENABLE_MODULES = YES;
				CLANG_ENABLE_OBJC_ARC = YES;
				CLANG_ENABLE_OBJC_WEAK = YES;
				CLANG_WARN_BLOCK_CAPTURE_AUTORELEASING = YES;
				CLANG_WARN_BOOL_CONVERSION = YES;
				CLANG_WARN_COMMA = YES;
				CLANG_WARN_CONSTANT_CONVERSION = YES;
				CLANG_WARN_DEPRECATED_OBJC_IMPLEMENTATIONS = YES;
				CLANG_WARN_DIRECT_OBJC_ISA_USAGE = YES_ERROR;
				CLANG_WARN_DOCUMENTATION_COMMENTS = YES;
				CLANG_WARN_EMPTY_BODY = YES;
				CLANG_WARN_ENUM_CONVERSION = YES;
				CLANG_WARN_INFINITE_RECURSION = YES;
				CLANG_WARN_INT_CONVERSION = YES;
				CLANG_WARN_NON_LITERAL_NULL_CONVERSION = YES;
				CLANG_WARN_OBJC_IMPLICIT_RETAIN_SELF = YES;
				CLANG_WARN_OBJC_LITERAL_CONVERSION = YES;
				CLANG_WARN_OBJC_ROOT_CLASS = YES_ERROR;
				CLANG_WARN_RANGE_LOOP_ANALYSIS = YES;
				CLANG_WARN_STRICT_PROTOTYPES = YES;
				CLANG_WARN_SUSPICIOUS_MOVE = YES;
				CLANG_WARN_UNGUARDED_AVAILABILITY = YES_AGGRESSIVE;
				CLANG_WARN_UNREACHABLE_CODE = YES;
				CLANG_WARN__DUPLICATE_METHOD_MATCH = YES;
				CODE_SIGN_IDENTITY = "iPhone Developer";
				COPY_PHASE_STRIP = NO;
				DEBUG_INFORMATION_FORMAT = dwarf;
				ENABLE_STRICT_OBJC_MSGSEND = YES;
				ENABLE_TESTABILITY = YES;
				GCC_C_LANGUAGE_STANDARD = gnu11;
				GCC_DYNAMIC_NO_PIC = NO;
				GCC_NO_COMMON_BLOCKS = YES;
				GCC_OPTIMIZATION_LEVEL = 0;
				GCC_PREPROCESSOR_DEFINITIONS = (
					"DEBUG=1",
					"$(inherited)",
				);
				GCC_WARN_64_TO_32_BIT_CONVERSION = YES;
				GCC_WARN_ABOUT_RETURN_TYPE = YES_ERROR;
				GCC_WARN_UNDECLARED_SELECTOR = YES;
				GCC_WARN_UNINITIALIZED_AUTOS = YES_AGGRESSIVE;
				GCC_WARN_UNUSED_FUNCTION = YES;
				GCC_WARN_UNUSED_VARIABLE = YES;
				IPHONEOS_DEPLOYMENT_TARGET = 12.2;
				MTL_ENABLE_DEBUG_INFO = INCLUDE_SOURCE;
				MTL_FAST_MATH = YES;
				ONLY_ACTIVE_ARCH = YES;
				SDKROOT = iphoneos;
				SWIFT_ACTIVE_COMPILATION_CONDITIONS = DEBUG;
				SWIFT_OPTIMIZATION_LEVEL = "-Onone";
			};
			name = Debug;
		};
		92D9559B22CA40FB00F34DB8 /* Release */ = {
			isa = XCBuildConfiguration;
			buildSettings = {
				ALWAYS_SEARCH_USER_PATHS = NO;
				CLANG_ANALYZER_NONNULL = YES;
				CLANG_ANALYZER_NUMBER_OBJECT_CONVERSION = YES_AGGRESSIVE;
				CLANG_CXX_LANGUAGE_STANDARD = "gnu++14";
				CLANG_CXX_LIBRARY = "libc++";
				CLANG_ENABLE_MODULES = YES;
				CLANG_ENABLE_OBJC_ARC = YES;
				CLANG_ENABLE_OBJC_WEAK = YES;
				CLANG_WARN_BLOCK_CAPTURE_AUTORELEASING = YES;
				CLANG_WARN_BOOL_CONVERSION = YES;
				CLANG_WARN_COMMA = YES;
				CLANG_WARN_CONSTANT_CONVERSION = YES;
				CLANG_WARN_DEPRECATED_OBJC_IMPLEMENTATIONS = YES;
				CLANG_WARN_DIRECT_OBJC_ISA_USAGE = YES_ERROR;
				CLANG_WARN_DOCUMENTATION_COMMENTS = YES;
				CLANG_WARN_EMPTY_BODY = YES;
				CLANG_WARN_ENUM_CONVERSION = YES;
				CLANG_WARN_INFINITE_RECURSION = YES;
				CLANG_WARN_INT_CONVERSION = YES;
				CLANG_WARN_NON_LITERAL_NULL_CONVERSION = YES;
				CLANG_WARN_OBJC_IMPLICIT_RETAIN_SELF = YES;
				CLANG_WARN_OBJC_LITERAL_CONVERSION = YES;
				CLANG_WARN_OBJC_ROOT_CLASS = YES_ERROR;
				CLANG_WARN_RANGE_LOOP_ANALYSIS = YES;
				CLANG_WARN_STRICT_PROTOTYPES = YES;
				CLANG_WARN_SUSPICIOUS_MOVE = YES;
				CLANG_WARN_UNGUARDED_AVAILABILITY = YES_AGGRESSIVE;
				CLANG_WARN_UNREACHABLE_CODE = YES;
				CLANG_WARN__DUPLICATE_METHOD_MATCH = YES;
				CODE_SIGN_IDENTITY = "iPhone Developer";
				COPY_PHASE_STRIP = NO;
				DEBUG_INFORMATION_FORMAT = "dwarf-with-dsym";
				ENABLE_NS_ASSERTIONS = NO;
				ENABLE_STRICT_OBJC_MSGSEND = YES;
				GCC_C_LANGUAGE_STANDARD = gnu11;
				GCC_NO_COMMON_BLOCKS = YES;
				GCC_WARN_64_TO_32_BIT_CONVERSION = YES;
				GCC_WARN_ABOUT_RETURN_TYPE = YES_ERROR;
				GCC_WARN_UNDECLARED_SELECTOR = YES;
				GCC_WARN_UNINITIALIZED_AUTOS = YES_AGGRESSIVE;
				GCC_WARN_UNUSED_FUNCTION = YES;
				GCC_WARN_UNUSED_VARIABLE = YES;
				IPHONEOS_DEPLOYMENT_TARGET = 12.2;
				MTL_ENABLE_DEBUG_INFO = NO;
				MTL_FAST_MATH = YES;
				SDKROOT = iphoneos;
				SWIFT_COMPILATION_MODE = wholemodule;
				SWIFT_OPTIMIZATION_LEVEL = "-O";
				VALIDATE_PRODUCT = YES;
			};
			name = Release;
		};
		92D9559D22CA40FB00F34DB8 /* Debug */ = {
			isa = XCBuildConfiguration;
			buildSettings = {
				ASSETCATALOG_COMPILER_APPICON_NAME = AppIcon;
				CODE_SIGN_STYLE = Automatic;
				DEVELOPMENT_TEAM = NM36QJ4P82;
				INFOPLIST_FILE = Citanki/Info.plist;
				LD_RUNPATH_SEARCH_PATHS = (
					"$(inherited)",
					"@executable_path/Frameworks",
				);
				PRODUCT_BUNDLE_IDENTIFIER = alanvictor.Citanki;
				PRODUCT_NAME = "$(TARGET_NAME)";
				SWIFT_VERSION = 5.0;
				TARGETED_DEVICE_FAMILY = "1,2";
			};
			name = Debug;
		};
		92D9559E22CA40FB00F34DB8 /* Release */ = {
			isa = XCBuildConfiguration;
			buildSettings = {
				ASSETCATALOG_COMPILER_APPICON_NAME = AppIcon;
				CODE_SIGN_STYLE = Automatic;
				DEVELOPMENT_TEAM = NM36QJ4P82;
				INFOPLIST_FILE = Citanki/Info.plist;
				LD_RUNPATH_SEARCH_PATHS = (
					"$(inherited)",
					"@executable_path/Frameworks",
				);
				PRODUCT_BUNDLE_IDENTIFIER = alanvictor.Citanki;
				PRODUCT_NAME = "$(TARGET_NAME)";
				SWIFT_VERSION = 5.0;
				TARGETED_DEVICE_FAMILY = "1,2";
			};
			name = Release;
		};
		92D955A022CA40FB00F34DB8 /* Debug */ = {
			isa = XCBuildConfiguration;
			buildSettings = {
				ALWAYS_EMBED_SWIFT_STANDARD_LIBRARIES = YES;
				BUNDLE_LOADER = "$(TEST_HOST)";
				CODE_SIGN_STYLE = Automatic;
				DEVELOPMENT_TEAM = NM36QJ4P82;
				INFOPLIST_FILE = CitankiTests/Info.plist;
				LD_RUNPATH_SEARCH_PATHS = (
					"$(inherited)",
					"@executable_path/Frameworks",
					"@loader_path/Frameworks",
				);
				PRODUCT_BUNDLE_IDENTIFIER = alanvictor.CitankiTests;
				PRODUCT_NAME = "$(TARGET_NAME)";
				SWIFT_VERSION = 5.0;
				TARGETED_DEVICE_FAMILY = "1,2";
				TEST_HOST = "$(BUILT_PRODUCTS_DIR)/Citanki.app/Citanki";
			};
			name = Debug;
		};
		92D955A122CA40FB00F34DB8 /* Release */ = {
			isa = XCBuildConfiguration;
			buildSettings = {
				ALWAYS_EMBED_SWIFT_STANDARD_LIBRARIES = YES;
				BUNDLE_LOADER = "$(TEST_HOST)";
				CODE_SIGN_STYLE = Automatic;
				DEVELOPMENT_TEAM = NM36QJ4P82;
				INFOPLIST_FILE = CitankiTests/Info.plist;
				LD_RUNPATH_SEARCH_PATHS = (
					"$(inherited)",
					"@executable_path/Frameworks",
					"@loader_path/Frameworks",
				);
				PRODUCT_BUNDLE_IDENTIFIER = alanvictor.CitankiTests;
				PRODUCT_NAME = "$(TARGET_NAME)";
				SWIFT_VERSION = 5.0;
				TARGETED_DEVICE_FAMILY = "1,2";
				TEST_HOST = "$(BUILT_PRODUCTS_DIR)/Citanki.app/Citanki";
			};
			name = Release;
		};
		92D955A322CA40FB00F34DB8 /* Debug */ = {
			isa = XCBuildConfiguration;
			buildSettings = {
				ALWAYS_EMBED_SWIFT_STANDARD_LIBRARIES = YES;
				CODE_SIGN_STYLE = Automatic;
				DEVELOPMENT_TEAM = NM36QJ4P82;
				INFOPLIST_FILE = CitankiUITests/Info.plist;
				LD_RUNPATH_SEARCH_PATHS = (
					"$(inherited)",
					"@executable_path/Frameworks",
					"@loader_path/Frameworks",
				);
				PRODUCT_BUNDLE_IDENTIFIER = alanvictor.CitankiUITests;
				PRODUCT_NAME = "$(TARGET_NAME)";
				SWIFT_VERSION = 5.0;
				TARGETED_DEVICE_FAMILY = "1,2";
				TEST_TARGET_NAME = Citanki;
			};
			name = Debug;
		};
		92D955A422CA40FB00F34DB8 /* Release */ = {
			isa = XCBuildConfiguration;
			buildSettings = {
				ALWAYS_EMBED_SWIFT_STANDARD_LIBRARIES = YES;
				CODE_SIGN_STYLE = Automatic;
				DEVELOPMENT_TEAM = NM36QJ4P82;
				INFOPLIST_FILE = CitankiUITests/Info.plist;
				LD_RUNPATH_SEARCH_PATHS = (
					"$(inherited)",
					"@executable_path/Frameworks",
					"@loader_path/Frameworks",
				);
				PRODUCT_BUNDLE_IDENTIFIER = alanvictor.CitankiUITests;
				PRODUCT_NAME = "$(TARGET_NAME)";
				SWIFT_VERSION = 5.0;
				TARGETED_DEVICE_FAMILY = "1,2";
				TEST_TARGET_NAME = Citanki;
			};
			name = Release;
		};
/* End XCBuildConfiguration section */

/* Begin XCConfigurationList section */
		92D9556F22CA40F900F34DB8 /* Build configuration list for PBXProject "Citanki" */ = {
			isa = XCConfigurationList;
			buildConfigurations = (
				92D9559A22CA40FB00F34DB8 /* Debug */,
				92D9559B22CA40FB00F34DB8 /* Release */,
			);
			defaultConfigurationIsVisible = 0;
			defaultConfigurationName = Release;
		};
		92D9559C22CA40FB00F34DB8 /* Build configuration list for PBXNativeTarget "Citanki" */ = {
			isa = XCConfigurationList;
			buildConfigurations = (
				92D9559D22CA40FB00F34DB8 /* Debug */,
				92D9559E22CA40FB00F34DB8 /* Release */,
			);
			defaultConfigurationIsVisible = 0;
			defaultConfigurationName = Release;
		};
		92D9559F22CA40FB00F34DB8 /* Build configuration list for PBXNativeTarget "CitankiTests" */ = {
			isa = XCConfigurationList;
			buildConfigurations = (
				92D955A022CA40FB00F34DB8 /* Debug */,
				92D955A122CA40FB00F34DB8 /* Release */,
			);
			defaultConfigurationIsVisible = 0;
			defaultConfigurationName = Release;
		};
		92D955A222CA40FB00F34DB8 /* Build configuration list for PBXNativeTarget "CitankiUITests" */ = {
			isa = XCConfigurationList;
			buildConfigurations = (
				92D955A322CA40FB00F34DB8 /* Debug */,
				92D955A422CA40FB00F34DB8 /* Release */,
			);
			defaultConfigurationIsVisible = 0;
			defaultConfigurationName = Release;
		};
/* End XCConfigurationList section */
	};
	rootObject = 92D9556C22CA40F900F34DB8 /* Project object */;
}
