// !$*UTF8*$!
{
	archiveVersion = 1;
	classes = {
	};
	objectVersion = 51;
	objects = {

/* Begin PBXBuildFile section */
		0DA38D33682D6EA919F3CE92 /* Pods_Citanki.framework in Frameworks */ = {isa = PBXBuildFile; fileRef = 66AA8A0FA85D27C4CCE1C654 /* Pods_Citanki.framework */; };
		27119EC2867A691640D6D9E4 /* Pods_CitankiTests.framework in Frameworks */ = {isa = PBXBuildFile; fileRef = DF14341587D13DFD3252F7FE /* Pods_CitankiTests.framework */; };
		9296474322CD177000383D0D /* CGImagePropertyOrientation+UIImageOrientation.swift in Sources */ = {isa = PBXBuildFile; fileRef = 9296474222CD177000383D0D /* CGImagePropertyOrientation+UIImageOrientation.swift */; };
		9296474722CE36E200383D0D /* ImageClassifier.mlmodel in Sources */ = {isa = PBXBuildFile; fileRef = 9296474622CE36E200383D0D /* ImageClassifier.mlmodel */; };
		92D9557A22CA40F900F34DB8 /* ViewController.swift in Sources */ = {isa = PBXBuildFile; fileRef = 92D9557922CA40F900F34DB8 /* ViewController.swift */; };
		92D9558D22CA40FB00F34DB8 /* CitankiTests.swift in Sources */ = {isa = PBXBuildFile; fileRef = 92D9558C22CA40FB00F34DB8 /* CitankiTests.swift */; };
		92D9559822CA40FB00F34DB8 /* CitankiUITests.swift in Sources */ = {isa = PBXBuildFile; fileRef = 92D9559722CA40FB00F34DB8 /* CitankiUITests.swift */; };
		92D955E422CA474900F34DB8 /* PhotoCollectionViewCell.xib in Resources */ = {isa = PBXBuildFile; fileRef = 92D955DA22CA474900F34DB8 /* PhotoCollectionViewCell.xib */; };
		92D955E522CA474900F34DB8 /* HeaderNewDeck.swift in Sources */ = {isa = PBXBuildFile; fileRef = 92D955DB22CA474900F34DB8 /* HeaderNewDeck.swift */; };
		92D955E622CA474900F34DB8 /* DeckTableViewCell.swift in Sources */ = {isa = PBXBuildFile; fileRef = 92D955DC22CA474900F34DB8 /* DeckTableViewCell.swift */; };
		92D955E722CA474900F34DB8 /* HeaderCardsTable.swift in Sources */ = {isa = PBXBuildFile; fileRef = 92D955DD22CA474900F34DB8 /* HeaderCardsTable.swift */; };
		92D955E822CA474900F34DB8 /* CardTableViewCell.swift in Sources */ = {isa = PBXBuildFile; fileRef = 92D955DE22CA474900F34DB8 /* CardTableViewCell.swift */; };
		92D955E922CA474900F34DB8 /* HeaderCardsTable.xib in Resources */ = {isa = PBXBuildFile; fileRef = 92D955DF22CA474900F34DB8 /* HeaderCardsTable.xib */; };
		92D955EA22CA474900F34DB8 /* HeaderNewDeck.xib in Resources */ = {isa = PBXBuildFile; fileRef = 92D955E022CA474900F34DB8 /* HeaderNewDeck.xib */; };
		92D955EB22CA474900F34DB8 /* DeckTableViewCell.xib in Resources */ = {isa = PBXBuildFile; fileRef = 92D955E122CA474900F34DB8 /* DeckTableViewCell.xib */; };
		92D955EC22CA474900F34DB8 /* PhotoCollectionViewCell.swift in Sources */ = {isa = PBXBuildFile; fileRef = 92D955E222CA474900F34DB8 /* PhotoCollectionViewCell.swift */; };
		92D955ED22CA474900F34DB8 /* CardTableViewCell.xib in Resources */ = {isa = PBXBuildFile; fileRef = 92D955E322CA474900F34DB8 /* CardTableViewCell.xib */; };
		92D955FB22CA475F00F34DB8 /* CoreDataModel.swift in Sources */ = {isa = PBXBuildFile; fileRef = 92D955EF22CA475F00F34DB8 /* CoreDataModel.swift */; };
		92D955FC22CA475F00F34DB8 /* Citanki.xcdatamodeld in Sources */ = {isa = PBXBuildFile; fileRef = 92D955F022CA475F00F34DB8 /* Citanki.xcdatamodeld */; };
		92D955FD22CA475F00F34DB8 /* Deck.swift in Sources */ = {isa = PBXBuildFile; fileRef = 92D955F322CA475F00F34DB8 /* Deck.swift */; };
		92D955FE22CA475F00F34DB8 /* LaunchScreen.storyboard in Resources */ = {isa = PBXBuildFile; fileRef = 92D955F522CA475F00F34DB8 /* LaunchScreen.storyboard */; };
		92D955FF22CA475F00F34DB8 /* Main.storyboard in Resources */ = {isa = PBXBuildFile; fileRef = 92D955F722CA475F00F34DB8 /* Main.storyboard */; };
		92D9560022CA475F00F34DB8 /* QuotesApi.swift in Sources */ = {isa = PBXBuildFile; fileRef = 92D955FA22CA475F00F34DB8 /* QuotesApi.swift */; };
		92D9560B22CA476800F34DB8 /* NotificationDelegate.swift in Sources */ = {isa = PBXBuildFile; fileRef = 92D9560222CA476800F34DB8 /* NotificationDelegate.swift */; };
		92D9560C22CA476800F34DB8 /* DetailsDeckViewController.swift in Sources */ = {isa = PBXBuildFile; fileRef = 92D9560422CA476800F34DB8 /* DetailsDeckViewController.swift */; };
		92D9560D22CA476800F34DB8 /* PeekViewViewController.swift in Sources */ = {isa = PBXBuildFile; fileRef = 92D9560522CA476800F34DB8 /* PeekViewViewController.swift */; };
		92D9560E22CA476800F34DB8 /* SearchViewController.swift in Sources */ = {isa = PBXBuildFile; fileRef = 92D9560622CA476800F34DB8 /* SearchViewController.swift */; };
		92D9560F22CA476800F34DB8 /* DecksViewController.swift in Sources */ = {isa = PBXBuildFile; fileRef = 92D9560722CA476800F34DB8 /* DecksViewController.swift */; };
		92D9561022CA476800F34DB8 /* PhotoTextViewController.swift in Sources */ = {isa = PBXBuildFile; fileRef = 92D9560822CA476800F34DB8 /* PhotoTextViewController.swift */; };
		92D9561122CA476800F34DB8 /* PhotosViewController.swift in Sources */ = {isa = PBXBuildFile; fileRef = 92D9560922CA476800F34DB8 /* PhotosViewController.swift */; };
		92D9561222CA476800F34DB8 /* AppDelegate.swift in Sources */ = {isa = PBXBuildFile; fileRef = 92D9560A22CA476800F34DB8 /* AppDelegate.swift */; };
		92D9561422CA477200F34DB8 /* Assets.xcassets in Resources */ = {isa = PBXBuildFile; fileRef = 92D9561322CA477200F34DB8 /* Assets.xcassets */; };
		92F875DC22CCD448000A278C /* FaceDetectionViewController.swift in Sources */ = {isa = PBXBuildFile; fileRef = 92F875DB22CCD448000A278C /* FaceDetectionViewController.swift */; };
		92F875DF22CCD56B000A278C /* FaceView.swift in Sources */ = {isa = PBXBuildFile; fileRef = 92F875DE22CCD56B000A278C /* FaceView.swift */; };
		92F875E222CCD72C000A278C /* UIImage+CropImage.swift in Sources */ = {isa = PBXBuildFile; fileRef = 92F875E122CCD72C000A278C /* UIImage+CropImage.swift */; };
		92F875E422CCD9F6000A278C /* CoreGraphicsExtensions.swift in Sources */ = {isa = PBXBuildFile; fileRef = 92F875E322CCD9F6000A278C /* CoreGraphicsExtensions.swift */; };
		EB310C2A9DD20E58915C18B5 /* Pods_CitankiUITests.framework in Frameworks */ = {isa = PBXBuildFile; fileRef = F8FC6A3ACB4247AD7FE177CA /* Pods_CitankiUITests.framework */; };
/* End PBXBuildFile section */

/* Begin PBXContainerItemProxy section */
		92D9558922CA40FB00F34DB8 /* PBXContainerItemProxy */ = {
			isa = PBXContainerItemProxy;
			containerPortal = 92D9556C22CA40F900F34DB8 /* Project object */;
			proxyType = 1;
			remoteGlobalIDString = 92D9557322CA40F900F34DB8;
			remoteInfo = Citanki;
		};
		92D9559422CA40FB00F34DB8 /* PBXContainerItemProxy */ = {
			isa = PBXContainerItemProxy;
			containerPortal = 92D9556C22CA40F900F34DB8 /* Project object */;
			proxyType = 1;
			remoteGlobalIDString = 92D9557322CA40F900F34DB8;
			remoteInfo = Citanki;
		};
/* End PBXContainerItemProxy section */

/* Begin PBXFileReference section */
		4CD3B8D79007CD9AD34E3762 /* Pods-CitankiTests.release.xcconfig */ = {isa = PBXFileReference; includeInIndex = 1; lastKnownFileType = text.xcconfig; name = "Pods-CitankiTests.release.xcconfig"; path = "Target Support Files/Pods-CitankiTests/Pods-CitankiTests.release.xcconfig"; sourceTree = "<group>"; };
		519D4FD7501BB43EF197DFB1 /* Pods-CitankiUITests.debug.xcconfig */ = {isa = PBXFileReference; includeInIndex = 1; lastKnownFileType = text.xcconfig; name = "Pods-CitankiUITests.debug.xcconfig"; path = "Target Support Files/Pods-CitankiUITests/Pods-CitankiUITests.debug.xcconfig"; sourceTree = "<group>"; };
		66AA8A0FA85D27C4CCE1C654 /* Pods_Citanki.framework */ = {isa = PBXFileReference; explicitFileType = wrapper.framework; includeInIndex = 0; path = Pods_Citanki.framework; sourceTree = BUILT_PRODUCTS_DIR; };
		8ED487D1DFFED2A461AA76CE /* Pods-Citanki.debug.xcconfig */ = {isa = PBXFileReference; includeInIndex = 1; lastKnownFileType = text.xcconfig; name = "Pods-Citanki.debug.xcconfig"; path = "Target Support Files/Pods-Citanki/Pods-Citanki.debug.xcconfig"; sourceTree = "<group>"; };
		9296474222CD177000383D0D /* CGImagePropertyOrientation+UIImageOrientation.swift */ = {isa = PBXFileReference; fileEncoding = 4; lastKnownFileType = sourcecode.swift; path = "CGImagePropertyOrientation+UIImageOrientation.swift"; sourceTree = "<group>"; };
		9296474622CE36E200383D0D /* ImageClassifier.mlmodel */ = {isa = PBXFileReference; lastKnownFileType = file.mlmodel; path = ImageClassifier.mlmodel; sourceTree = "<group>"; };
		92D9557422CA40F900F34DB8 /* Citanki.app */ = {isa = PBXFileReference; explicitFileType = wrapper.application; includeInIndex = 0; path = Citanki.app; sourceTree = BUILT_PRODUCTS_DIR; };
		92D9557922CA40F900F34DB8 /* ViewController.swift */ = {isa = PBXFileReference; lastKnownFileType = sourcecode.swift; path = ViewController.swift; sourceTree = "<group>"; };
		92D9558822CA40FB00F34DB8 /* CitankiTests.xctest */ = {isa = PBXFileReference; explicitFileType = wrapper.cfbundle; includeInIndex = 0; path = CitankiTests.xctest; sourceTree = BUILT_PRODUCTS_DIR; };
		92D9558C22CA40FB00F34DB8 /* CitankiTests.swift */ = {isa = PBXFileReference; lastKnownFileType = sourcecode.swift; path = CitankiTests.swift; sourceTree = "<group>"; };
		92D9558E22CA40FB00F34DB8 /* Info.plist */ = {isa = PBXFileReference; lastKnownFileType = text.plist.xml; path = Info.plist; sourceTree = "<group>"; };
		92D9559322CA40FB00F34DB8 /* CitankiUITests.xctest */ = {isa = PBXFileReference; explicitFileType = wrapper.cfbundle; includeInIndex = 0; path = CitankiUITests.xctest; sourceTree = BUILT_PRODUCTS_DIR; };
		92D9559722CA40FB00F34DB8 /* CitankiUITests.swift */ = {isa = PBXFileReference; lastKnownFileType = sourcecode.swift; path = CitankiUITests.swift; sourceTree = "<group>"; };
		92D9559922CA40FB00F34DB8 /* Info.plist */ = {isa = PBXFileReference; lastKnownFileType = text.plist.xml; path = Info.plist; sourceTree = "<group>"; };
		92D955DA22CA474900F34DB8 /* PhotoCollectionViewCell.xib */ = {isa = PBXFileReference; fileEncoding = 4; lastKnownFileType = file.xib; path = PhotoCollectionViewCell.xib; sourceTree = "<group>"; };
		92D955DB22CA474900F34DB8 /* HeaderNewDeck.swift */ = {isa = PBXFileReference; fileEncoding = 4; lastKnownFileType = sourcecode.swift; path = HeaderNewDeck.swift; sourceTree = "<group>"; };
		92D955DC22CA474900F34DB8 /* DeckTableViewCell.swift */ = {isa = PBXFileReference; fileEncoding = 4; lastKnownFileType = sourcecode.swift; path = DeckTableViewCell.swift; sourceTree = "<group>"; };
		92D955DD22CA474900F34DB8 /* HeaderCardsTable.swift */ = {isa = PBXFileReference; fileEncoding = 4; lastKnownFileType = sourcecode.swift; path = HeaderCardsTable.swift; sourceTree = "<group>"; };
		92D955DE22CA474900F34DB8 /* CardTableViewCell.swift */ = {isa = PBXFileReference; fileEncoding = 4; lastKnownFileType = sourcecode.swift; path = CardTableViewCell.swift; sourceTree = "<group>"; };
		92D955DF22CA474900F34DB8 /* HeaderCardsTable.xib */ = {isa = PBXFileReference; fileEncoding = 4; lastKnownFileType = file.xib; path = HeaderCardsTable.xib; sourceTree = "<group>"; };
		92D955E022CA474900F34DB8 /* HeaderNewDeck.xib */ = {isa = PBXFileReference; fileEncoding = 4; lastKnownFileType = file.xib; path = HeaderNewDeck.xib; sourceTree = "<group>"; };
		92D955E122CA474900F34DB8 /* DeckTableViewCell.xib */ = {isa = PBXFileReference; fileEncoding = 4; lastKnownFileType = file.xib; path = DeckTableViewCell.xib; sourceTree = "<group>"; };
		92D955E222CA474900F34DB8 /* PhotoCollectionViewCell.swift */ = {isa = PBXFileReference; fileEncoding = 4; lastKnownFileType = sourcecode.swift; path = PhotoCollectionViewCell.swift; sourceTree = "<group>"; };
		92D955E322CA474900F34DB8 /* CardTableViewCell.xib */ = {isa = PBXFileReference; fileEncoding = 4; lastKnownFileType = file.xib; path = CardTableViewCell.xib; sourceTree = "<group>"; };
		92D955EF22CA475F00F34DB8 /* CoreDataModel.swift */ = {isa = PBXFileReference; fileEncoding = 4; lastKnownFileType = sourcecode.swift; path = CoreDataModel.swift; sourceTree = "<group>"; };
		92D955F122CA475F00F34DB8 /* Citanki.xcdatamodel */ = {isa = PBXFileReference; lastKnownFileType = wrapper.xcdatamodel; path = Citanki.xcdatamodel; sourceTree = "<group>"; };
		92D955F322CA475F00F34DB8 /* Deck.swift */ = {isa = PBXFileReference; fileEncoding = 4; lastKnownFileType = sourcecode.swift; path = Deck.swift; sourceTree = "<group>"; };
		92D955F622CA475F00F34DB8 /* Base */ = {isa = PBXFileReference; lastKnownFileType = file.storyboard; name = Base; path = Base.lproj/LaunchScreen.storyboard; sourceTree = "<group>"; };
		92D955F822CA475F00F34DB8 /* Base */ = {isa = PBXFileReference; lastKnownFileType = file.storyboard; name = Base; path = Base.lproj/Main.storyboard; sourceTree = "<group>"; };
		92D955FA22CA475F00F34DB8 /* QuotesApi.swift */ = {isa = PBXFileReference; fileEncoding = 4; lastKnownFileType = sourcecode.swift; path = QuotesApi.swift; sourceTree = "<group>"; };
		92D9560222CA476800F34DB8 /* NotificationDelegate.swift */ = {isa = PBXFileReference; fileEncoding = 4; lastKnownFileType = sourcecode.swift; path = NotificationDelegate.swift; sourceTree = "<group>"; };
		92D9560422CA476800F34DB8 /* DetailsDeckViewController.swift */ = {isa = PBXFileReference; fileEncoding = 4; lastKnownFileType = sourcecode.swift; path = DetailsDeckViewController.swift; sourceTree = "<group>"; };
		92D9560522CA476800F34DB8 /* PeekViewViewController.swift */ = {isa = PBXFileReference; fileEncoding = 4; lastKnownFileType = sourcecode.swift; path = PeekViewViewController.swift; sourceTree = "<group>"; };
		92D9560622CA476800F34DB8 /* SearchViewController.swift */ = {isa = PBXFileReference; fileEncoding = 4; lastKnownFileType = sourcecode.swift; path = SearchViewController.swift; sourceTree = "<group>"; };
		92D9560722CA476800F34DB8 /* DecksViewController.swift */ = {isa = PBXFileReference; fileEncoding = 4; lastKnownFileType = sourcecode.swift; path = DecksViewController.swift; sourceTree = "<group>"; };
		92D9560822CA476800F34DB8 /* PhotoTextViewController.swift */ = {isa = PBXFileReference; fileEncoding = 4; lastKnownFileType = sourcecode.swift; path = PhotoTextViewController.swift; sourceTree = "<group>"; };
		92D9560922CA476800F34DB8 /* PhotosViewController.swift */ = {isa = PBXFileReference; fileEncoding = 4; lastKnownFileType = sourcecode.swift; path = PhotosViewController.swift; sourceTree = "<group>"; };
		92D9560A22CA476800F34DB8 /* AppDelegate.swift */ = {isa = PBXFileReference; fileEncoding = 4; lastKnownFileType = sourcecode.swift; path = AppDelegate.swift; sourceTree = "<group>"; };
		92D9561322CA477200F34DB8 /* Assets.xcassets */ = {isa = PBXFileReference; lastKnownFileType = folder.assetcatalog; path = Assets.xcassets; sourceTree = "<group>"; };
		92D9561A22CA532300F34DB8 /* Info.plist */ = {isa = PBXFileReference; lastKnownFileType = text.plist.xml; path = Info.plist; sourceTree = "<group>"; };
		92F875DB22CCD448000A278C /* FaceDetectionViewController.swift */ = {isa = PBXFileReference; lastKnownFileType = sourcecode.swift; path = FaceDetectionViewController.swift; sourceTree = "<group>"; };
		92F875DE22CCD56B000A278C /* FaceView.swift */ = {isa = PBXFileReference; lastKnownFileType = sourcecode.swift; path = FaceView.swift; sourceTree = "<group>"; };
		92F875E122CCD72C000A278C /* UIImage+CropImage.swift */ = {isa = PBXFileReference; lastKnownFileType = sourcecode.swift; path = "UIImage+CropImage.swift"; sourceTree = "<group>"; };
		92F875E322CCD9F6000A278C /* CoreGraphicsExtensions.swift */ = {isa = PBXFileReference; lastKnownFileType = sourcecode.swift; path = CoreGraphicsExtensions.swift; sourceTree = "<group>"; };
		988EDD4FB9893D065BC49E91 /* Pods-Citanki.release.xcconfig */ = {isa = PBXFileReference; includeInIndex = 1; lastKnownFileType = text.xcconfig; name = "Pods-Citanki.release.xcconfig"; path = "Target Support Files/Pods-Citanki/Pods-Citanki.release.xcconfig"; sourceTree = "<group>"; };
		9FE7170F46C3CB1333B27909 /* Pods-CitankiTests.debug.xcconfig */ = {isa = PBXFileReference; includeInIndex = 1; lastKnownFileType = text.xcconfig; name = "Pods-CitankiTests.debug.xcconfig"; path = "Target Support Files/Pods-CitankiTests/Pods-CitankiTests.debug.xcconfig"; sourceTree = "<group>"; };
		D987305E025B7E7011D5C29E /* Pods-CitankiUITests.release.xcconfig */ = {isa = PBXFileReference; includeInIndex = 1; lastKnownFileType = text.xcconfig; name = "Pods-CitankiUITests.release.xcconfig"; path = "Target Support Files/Pods-CitankiUITests/Pods-CitankiUITests.release.xcconfig"; sourceTree = "<group>"; };
		DF14341587D13DFD3252F7FE /* Pods_CitankiTests.framework */ = {isa = PBXFileReference; explicitFileType = wrapper.framework; includeInIndex = 0; path = Pods_CitankiTests.framework; sourceTree = BUILT_PRODUCTS_DIR; };
		F8FC6A3ACB4247AD7FE177CA /* Pods_CitankiUITests.framework */ = {isa = PBXFileReference; explicitFileType = wrapper.framework; includeInIndex = 0; path = Pods_CitankiUITests.framework; sourceTree = BUILT_PRODUCTS_DIR; };
/* End PBXFileReference section */

/* Begin PBXFrameworksBuildPhase section */
		92D9557122CA40F900F34DB8 /* Frameworks */ = {
			isa = PBXFrameworksBuildPhase;
			buildActionMask = 2147483647;
			files = (
				0DA38D33682D6EA919F3CE92 /* Pods_Citanki.framework in Frameworks */,
			);
			runOnlyForDeploymentPostprocessing = 0;
		};
		92D9558522CA40FB00F34DB8 /* Frameworks */ = {
			isa = PBXFrameworksBuildPhase;
			buildActionMask = 2147483647;
			files = (
				27119EC2867A691640D6D9E4 /* Pods_CitankiTests.framework in Frameworks */,
			);
			runOnlyForDeploymentPostprocessing = 0;
		};
		92D9559022CA40FB00F34DB8 /* Frameworks */ = {
			isa = PBXFrameworksBuildPhase;
			buildActionMask = 2147483647;
			files = (
				EB310C2A9DD20E58915C18B5 /* Pods_CitankiUITests.framework in Frameworks */,
			);
			runOnlyForDeploymentPostprocessing = 0;
		};
/* End PBXFrameworksBuildPhase section */

/* Begin PBXGroup section */
		4A14DD320848833827597DD9 /* Pods */ = {
			isa = PBXGroup;
			children = (
				8ED487D1DFFED2A461AA76CE /* Pods-Citanki.debug.xcconfig */,
				988EDD4FB9893D065BC49E91 /* Pods-Citanki.release.xcconfig */,
				9FE7170F46C3CB1333B27909 /* Pods-CitankiTests.debug.xcconfig */,
				4CD3B8D79007CD9AD34E3762 /* Pods-CitankiTests.release.xcconfig */,
				519D4FD7501BB43EF197DFB1 /* Pods-CitankiUITests.debug.xcconfig */,
				D987305E025B7E7011D5C29E /* Pods-CitankiUITests.release.xcconfig */,
			);
			path = Pods;
			sourceTree = "<group>";
		};
		92D9556B22CA40F900F34DB8 = {
			isa = PBXGroup;
			children = (
				92D9557622CA40F900F34DB8 /* Citanki */,
				92D9558B22CA40FB00F34DB8 /* CitankiTests */,
				92D9559622CA40FB00F34DB8 /* CitankiUITests */,
				92D9557522CA40F900F34DB8 /* Products */,
				4A14DD320848833827597DD9 /* Pods */,
				DE1752A76C69D90182B45D7A /* Frameworks */,
			);
			sourceTree = "<group>";
		};
		92D9557522CA40F900F34DB8 /* Products */ = {
			isa = PBXGroup;
			children = (
				92D9557422CA40F900F34DB8 /* Citanki.app */,
				92D9558822CA40FB00F34DB8 /* CitankiTests.xctest */,
				92D9559322CA40FB00F34DB8 /* CitankiUITests.xctest */,
			);
			name = Products;
			sourceTree = "<group>";
		};
		92D9557622CA40F900F34DB8 /* Citanki */ = {
			isa = PBXGroup;
			children = (
				9296474622CE36E200383D0D /* ImageClassifier.mlmodel */,
				92F875E022CCD714000A278C /* Extensions */,
				92D9561322CA477200F34DB8 /* Assets.xcassets */,
				92D9557922CA40F900F34DB8 /* ViewController.swift */,
				92D9561A22CA532300F34DB8 /* Info.plist */,
				92F875DD22CCD550000A278C /* Views */,
				92D9560322CA476800F34DB8 /* Controllers */,
				92D9560122CA476800F34DB8 /* Delegates */,
				92D955F222CA475F00F34DB8 /* Model */,
				92D955EE22CA475F00F34DB8 /* Persistence */,
				92D955F922CA475F00F34DB8 /* QuotesWrapper */,
				92D955F422CA475F00F34DB8 /* Storyboards */,
				92D955D922CA474900F34DB8 /* Xibs */,
			);
			path = Citanki;
			sourceTree = "<group>";
		};
		92D9558B22CA40FB00F34DB8 /* CitankiTests */ = {
			isa = PBXGroup;
			children = (
				92D9558C22CA40FB00F34DB8 /* CitankiTests.swift */,
				92D9558E22CA40FB00F34DB8 /* Info.plist */,
			);
			path = CitankiTests;
			sourceTree = "<group>";
		};
		92D9559622CA40FB00F34DB8 /* CitankiUITests */ = {
			isa = PBXGroup;
			children = (
				92D9559722CA40FB00F34DB8 /* CitankiUITests.swift */,
				92D9559922CA40FB00F34DB8 /* Info.plist */,
			);
			path = CitankiUITests;
			sourceTree = "<group>";
		};
		92D955D922CA474900F34DB8 /* Xibs */ = {
			isa = PBXGroup;
			children = (
				92D955DA22CA474900F34DB8 /* PhotoCollectionViewCell.xib */,
				92D955DB22CA474900F34DB8 /* HeaderNewDeck.swift */,
				92D955DC22CA474900F34DB8 /* DeckTableViewCell.swift */,
				92D955DD22CA474900F34DB8 /* HeaderCardsTable.swift */,
				92D955DE22CA474900F34DB8 /* CardTableViewCell.swift */,
				92D955DF22CA474900F34DB8 /* HeaderCardsTable.xib */,
				92D955E022CA474900F34DB8 /* HeaderNewDeck.xib */,
				92D955E122CA474900F34DB8 /* DeckTableViewCell.xib */,
				92D955E222CA474900F34DB8 /* PhotoCollectionViewCell.swift */,
				92D955E322CA474900F34DB8 /* CardTableViewCell.xib */,
			);
			path = Xibs;
			sourceTree = "<group>";
		};
		92D955EE22CA475F00F34DB8 /* Persistence */ = {
			isa = PBXGroup;
			children = (
				92D955EF22CA475F00F34DB8 /* CoreDataModel.swift */,
				92D955F022CA475F00F34DB8 /* Citanki.xcdatamodeld */,
			);
			path = Persistence;
			sourceTree = "<group>";
		};
		92D955F222CA475F00F34DB8 /* Model */ = {
			isa = PBXGroup;
			children = (
				92D955F322CA475F00F34DB8 /* Deck.swift */,
			);
			path = Model;
			sourceTree = "<group>";
		};
		92D955F422CA475F00F34DB8 /* Storyboards */ = {
			isa = PBXGroup;
			children = (
				92D955F522CA475F00F34DB8 /* LaunchScreen.storyboard */,
				92D955F722CA475F00F34DB8 /* Main.storyboard */,
			);
			path = Storyboards;
			sourceTree = "<group>";
		};
		92D955F922CA475F00F34DB8 /* QuotesWrapper */ = {
			isa = PBXGroup;
			children = (
				92D955FA22CA475F00F34DB8 /* QuotesApi.swift */,
			);
			path = QuotesWrapper;
			sourceTree = "<group>";
		};
		92D9560122CA476800F34DB8 /* Delegates */ = {
			isa = PBXGroup;
			children = (
				92D9560222CA476800F34DB8 /* NotificationDelegate.swift */,
			);
			path = Delegates;
			sourceTree = "<group>";
		};
		92D9560322CA476800F34DB8 /* Controllers */ = {
			isa = PBXGroup;
			children = (
				92D9560422CA476800F34DB8 /* DetailsDeckViewController.swift */,
				92D9560522CA476800F34DB8 /* PeekViewViewController.swift */,
				92D9560622CA476800F34DB8 /* SearchViewController.swift */,
				92D9560722CA476800F34DB8 /* DecksViewController.swift */,
				92D9560822CA476800F34DB8 /* PhotoTextViewController.swift */,
				92D9560922CA476800F34DB8 /* PhotosViewController.swift */,
				92D9560A22CA476800F34DB8 /* AppDelegate.swift */,
				92F875DB22CCD448000A278C /* FaceDetectionViewController.swift */,
			);
			path = Controllers;
			sourceTree = "<group>";
		};
		92F875DD22CCD550000A278C /* Views */ = {
			isa = PBXGroup;
			children = (
				92F875DE22CCD56B000A278C /* FaceView.swift */,
			);
			path = Views;
			sourceTree = "<group>";
		};
		92F875E022CCD714000A278C /* Extensions */ = {
			isa = PBXGroup;
			children = (
				92F875E122CCD72C000A278C /* UIImage+CropImage.swift */,
				92F875E322CCD9F6000A278C /* CoreGraphicsExtensions.swift */,
				9296474222CD177000383D0D /* CGImagePropertyOrientation+UIImageOrientation.swift */,
			);
			path = Extensions;
			sourceTree = "<group>";
		};
		DE1752A76C69D90182B45D7A /* Frameworks */ = {
			isa = PBXGroup;
			children = (
				66AA8A0FA85D27C4CCE1C654 /* Pods_Citanki.framework */,
				DF14341587D13DFD3252F7FE /* Pods_CitankiTests.framework */,
				F8FC6A3ACB4247AD7FE177CA /* Pods_CitankiUITests.framework */,
			);
			name = Frameworks;
			sourceTree = "<group>";
		};
/* End PBXGroup section */

/* Begin PBXNativeTarget section */
		92D9557322CA40F900F34DB8 /* Citanki */ = {
			isa = PBXNativeTarget;
			buildConfigurationList = 92D9559C22CA40FB00F34DB8 /* Build configuration list for PBXNativeTarget "Citanki" */;
			buildPhases = (
				8157B7F7508ABEE4804AF2AC /* [CP] Check Pods Manifest.lock */,
				92D9557022CA40F900F34DB8 /* Sources */,
				92D9557122CA40F900F34DB8 /* Frameworks */,
				92D9557222CA40F900F34DB8 /* Resources */,
				527332E1C05709F0BB7238D6 /* [CP] Embed Pods Frameworks */,
			);
			buildRules = (
			);
			dependencies = (
			);
			name = Citanki;
			productName = Citanki;
			productReference = 92D9557422CA40F900F34DB8 /* Citanki.app */;
			productType = "com.apple.product-type.application";
		};
		92D9558722CA40FB00F34DB8 /* CitankiTests */ = {
			isa = PBXNativeTarget;
			buildConfigurationList = 92D9559F22CA40FB00F34DB8 /* Build configuration list for PBXNativeTarget "CitankiTests" */;
			buildPhases = (
				160620D9F59CBAC453603AF2 /* [CP] Check Pods Manifest.lock */,
				92D9558422CA40FB00F34DB8 /* Sources */,
				92D9558522CA40FB00F34DB8 /* Frameworks */,
				92D9558622CA40FB00F34DB8 /* Resources */,
			);
			buildRules = (
			);
			dependencies = (
				92D9558A22CA40FB00F34DB8 /* PBXTargetDependency */,
			);
			name = CitankiTests;
			productName = CitankiTests;
			productReference = 92D9558822CA40FB00F34DB8 /* CitankiTests.xctest */;
			productType = "com.apple.product-type.bundle.unit-test";
		};
		92D9559222CA40FB00F34DB8 /* CitankiUITests */ = {
			isa = PBXNativeTarget;
			buildConfigurationList = 92D955A222CA40FB00F34DB8 /* Build configuration list for PBXNativeTarget "CitankiUITests" */;
			buildPhases = (
				7036CFB08A89DCCB9AC4290E /* [CP] Check Pods Manifest.lock */,
				92D9558F22CA40FB00F34DB8 /* Sources */,
				92D9559022CA40FB00F34DB8 /* Frameworks */,
				92D9559122CA40FB00F34DB8 /* Resources */,
			);
			buildRules = (
			);
			dependencies = (
				92D9559522CA40FB00F34DB8 /* PBXTargetDependency */,
			);
			name = CitankiUITests;
			productName = CitankiUITests;
			productReference = 92D9559322CA40FB00F34DB8 /* CitankiUITests.xctest */;
			productType = "com.apple.product-type.bundle.ui-testing";
		};
/* End PBXNativeTarget section */

/* Begin PBXProject section */
		92D9556C22CA40F900F34DB8 /* Project object */ = {
			isa = PBXProject;
			attributes = {
				LastSwiftUpdateCheck = 1020;
				LastUpgradeCheck = 1020;
				ORGANIZATIONNAME = "Alan Victor Paulino de Oliveira";
				TargetAttributes = {
					92D9557322CA40F900F34DB8 = {
						CreatedOnToolsVersion = 10.2.1;
					};
					92D9558722CA40FB00F34DB8 = {
						CreatedOnToolsVersion = 10.2.1;
						TestTargetID = 92D9557322CA40F900F34DB8;
					};
					92D9559222CA40FB00F34DB8 = {
						CreatedOnToolsVersion = 10.2.1;
						TestTargetID = 92D9557322CA40F900F34DB8;
					};
				};
			};
			buildConfigurationList = 92D9556F22CA40F900F34DB8 /* Build configuration list for PBXProject "Citanki" */;
			compatibilityVersion = "Xcode 9.3";
			developmentRegion = en;
			hasScannedForEncodings = 0;
			knownRegions = (
				en,
				Base,
			);
			mainGroup = 92D9556B22CA40F900F34DB8;
			productRefGroup = 92D9557522CA40F900F34DB8 /* Products */;
			projectDirPath = "";
			projectRoot = "";
			targets = (
				92D9557322CA40F900F34DB8 /* Citanki */,
				92D9558722CA40FB00F34DB8 /* CitankiTests */,
				92D9559222CA40FB00F34DB8 /* CitankiUITests */,
			);
		};
/* End PBXProject section */

/* Begin PBXResourcesBuildPhase section */
		92D9557222CA40F900F34DB8 /* Resources */ = {
			isa = PBXResourcesBuildPhase;
			buildActionMask = 2147483647;
			files = (
				92D955FF22CA475F00F34DB8 /* Main.storyboard in Resources */,
				92D955EB22CA474900F34DB8 /* DeckTableViewCell.xib in Resources */,
				92D955E422CA474900F34DB8 /* PhotoCollectionViewCell.xib in Resources */,
				92D955ED22CA474900F34DB8 /* CardTableViewCell.xib in Resources */,
				92D955FE22CA475F00F34DB8 /* LaunchScreen.storyboard in Resources */,
				92D955EA22CA474900F34DB8 /* HeaderNewDeck.xib in Resources */,
				92D9561422CA477200F34DB8 /* Assets.xcassets in Resources */,
				92D955E922CA474900F34DB8 /* HeaderCardsTable.xib in Resources */,
			);
			runOnlyForDeploymentPostprocessing = 0;
		};
		92D9558622CA40FB00F34DB8 /* Resources */ = {
			isa = PBXResourcesBuildPhase;
			buildActionMask = 2147483647;
			files = (
			);
			runOnlyForDeploymentPostprocessing = 0;
		};
		92D9559122CA40FB00F34DB8 /* Resources */ = {
			isa = PBXResourcesBuildPhase;
			buildActionMask = 2147483647;
			files = (
			);
			runOnlyForDeploymentPostprocessing = 0;
		};
/* End PBXResourcesBuildPhase section */

/* Begin PBXShellScriptBuildPhase section */
		160620D9F59CBAC453603AF2 /* [CP] Check Pods Manifest.lock */ = {
			isa = PBXShellScriptBuildPhase;
			buildActionMask = 2147483647;
			files = (
			);
			inputFileListPaths = (
			);
			inputPaths = (
				"${PODS_PODFILE_DIR_PATH}/Podfile.lock",
				"${PODS_ROOT}/Manifest.lock",
			);
			name = "[CP] Check Pods Manifest.lock";
			outputFileListPaths = (
			);
			outputPaths = (
				"$(DERIVED_FILE_DIR)/Pods-CitankiTests-checkManifestLockResult.txt",
			);
			runOnlyForDeploymentPostprocessing = 0;
			shellPath = /bin/sh;
			shellScript = "diff \"${PODS_PODFILE_DIR_PATH}/Podfile.lock\" \"${PODS_ROOT}/Manifest.lock\" > /dev/null\nif [ $? != 0 ] ; then\n    # print error to STDERR\n    echo \"error: The sandbox is not in sync with the Podfile.lock. Run 'pod install' or update your CocoaPods installation.\" >&2\n    exit 1\nfi\n# This output is used by Xcode 'outputs' to avoid re-running this script phase.\necho \"SUCCESS\" > \"${SCRIPT_OUTPUT_FILE_0}\"\n";
			showEnvVarsInLog = 0;
		};
		527332E1C05709F0BB7238D6 /* [CP] Embed Pods Frameworks */ = {
			isa = PBXShellScriptBuildPhase;
			buildActionMask = 2147483647;
			files = (
			);
			inputFileListPaths = (
				"${PODS_ROOT}/Target Support Files/Pods-Citanki/Pods-Citanki-frameworks-${CONFIGURATION}-input-files.xcfilelist",
			);
			name = "[CP] Embed Pods Frameworks";
			outputFileListPaths = (
				"${PODS_ROOT}/Target Support Files/Pods-Citanki/Pods-Citanki-frameworks-${CONFIGURATION}-output-files.xcfilelist",
			);
			runOnlyForDeploymentPostprocessing = 0;
			shellPath = /bin/sh;
			shellScript = "\"${PODS_ROOT}/Target Support Files/Pods-Citanki/Pods-Citanki-frameworks.sh\"\n";
			showEnvVarsInLog = 0;
		};
		7036CFB08A89DCCB9AC4290E /* [CP] Check Pods Manifest.lock */ = {
			isa = PBXShellScriptBuildPhase;
			buildActionMask = 2147483647;
			files = (
			);
			inputFileListPaths = (
			);
			inputPaths = (
				"${PODS_PODFILE_DIR_PATH}/Podfile.lock",
				"${PODS_ROOT}/Manifest.lock",
			);
			name = "[CP] Check Pods Manifest.lock";
			outputFileListPaths = (
			);
			outputPaths = (
				"$(DERIVED_FILE_DIR)/Pods-CitankiUITests-checkManifestLockResult.txt",
			);
			runOnlyForDeploymentPostprocessing = 0;
			shellPath = /bin/sh;
			shellScript = "diff \"${PODS_PODFILE_DIR_PATH}/Podfile.lock\" \"${PODS_ROOT}/Manifest.lock\" > /dev/null\nif [ $? != 0 ] ; then\n    # print error to STDERR\n    echo \"error: The sandbox is not in sync with the Podfile.lock. Run 'pod install' or update your CocoaPods installation.\" >&2\n    exit 1\nfi\n# This output is used by Xcode 'outputs' to avoid re-running this script phase.\necho \"SUCCESS\" > \"${SCRIPT_OUTPUT_FILE_0}\"\n";
			showEnvVarsInLog = 0;
		};
		8157B7F7508ABEE4804AF2AC /* [CP] Check Pods Manifest.lock */ = {
			isa = PBXShellScriptBuildPhase;
			buildActionMask = 2147483647;
			files = (
			);
			inputFileListPaths = (
			);
			inputPaths = (
				"${PODS_PODFILE_DIR_PATH}/Podfile.lock",
				"${PODS_ROOT}/Manifest.lock",
			);
			name = "[CP] Check Pods Manifest.lock";
			outputFileListPaths = (
			);
			outputPaths = (
				"$(DERIVED_FILE_DIR)/Pods-Citanki-checkManifestLockResult.txt",
			);
			runOnlyForDeploymentPostprocessing = 0;
			shellPath = /bin/sh;
			shellScript = "diff \"${PODS_PODFILE_DIR_PATH}/Podfile.lock\" \"${PODS_ROOT}/Manifest.lock\" > /dev/null\nif [ $? != 0 ] ; then\n    # print error to STDERR\n    echo \"error: The sandbox is not in sync with the Podfile.lock. Run 'pod install' or update your CocoaPods installation.\" >&2\n    exit 1\nfi\n# This output is used by Xcode 'outputs' to avoid re-running this script phase.\necho \"SUCCESS\" > \"${SCRIPT_OUTPUT_FILE_0}\"\n";
			showEnvVarsInLog = 0;
		};
/* End PBXShellScriptBuildPhase section */

/* Begin PBXSourcesBuildPhase section */
		92D9557022CA40F900F34DB8 /* Sources */ = {
			isa = PBXSourcesBuildPhase;
			buildActionMask = 2147483647;
			files = (
				92D9560E22CA476800F34DB8 /* SearchViewController.swift in Sources */,
				92D955E622CA474900F34DB8 /* DeckTableViewCell.swift in Sources */,
				92D9561222CA476800F34DB8 /* AppDelegate.swift in Sources */,
				9296474322CD177000383D0D /* CGImagePropertyOrientation+UIImageOrientation.swift in Sources */,
				92D955E822CA474900F34DB8 /* CardTableViewCell.swift in Sources */,
				92D955FD22CA475F00F34DB8 /* Deck.swift in Sources */,
				92D955FB22CA475F00F34DB8 /* CoreDataModel.swift in Sources */,
				9296474722CE36E200383D0D /* ImageClassifier.mlmodel in Sources */,
				92D955E722CA474900F34DB8 /* HeaderCardsTable.swift in Sources */,
				92D9557A22CA40F900F34DB8 /* ViewController.swift in Sources */,
				92D955EC22CA474900F34DB8 /* PhotoCollectionViewCell.swift in Sources */,
				92F875E422CCD9F6000A278C /* CoreGraphicsExtensions.swift in Sources */,
				92D9560C22CA476800F34DB8 /* DetailsDeckViewController.swift in Sources */,
				92D9561122CA476800F34DB8 /* PhotosViewController.swift in Sources */,
				92D9560B22CA476800F34DB8 /* NotificationDelegate.swift in Sources */,
				92F875E222CCD72C000A278C /* UIImage+CropImage.swift in Sources */,
				92D9560D22CA476800F34DB8 /* PeekViewViewController.swift in Sources */,
				92F875DC22CCD448000A278C /* FaceDetectionViewController.swift in Sources */,
				92D9560022CA475F00F34DB8 /* QuotesApi.swift in Sources */,
				92D9560F22CA476800F34DB8 /* DecksViewController.swift in Sources */,
				92D955FC22CA475F00F34DB8 /* Citanki.xcdatamodeld in Sources */,
				92D9561022CA476800F34DB8 /* PhotoTextViewController.swift in Sources */,
				92D955E522CA474900F34DB8 /* HeaderNewDeck.swift in Sources */,
				92F875DF22CCD56B000A278C /* FaceView.swift in Sources */,
			);
			runOnlyForDeploymentPostprocessing = 0;
		};
		92D9558422CA40FB00F34DB8 /* Sources */ = {
			isa = PBXSourcesBuildPhase;
			buildActionMask = 2147483647;
			files = (
				92D9558D22CA40FB00F34DB8 /* CitankiTests.swift in Sources */,
			);
			runOnlyForDeploymentPostprocessing = 0;
		};
		92D9558F22CA40FB00F34DB8 /* Sources */ = {
			isa = PBXSourcesBuildPhase;
			buildActionMask = 2147483647;
			files = (
				92D9559822CA40FB00F34DB8 /* CitankiUITests.swift in Sources */,
			);
			runOnlyForDeploymentPostprocessing = 0;
		};
/* End PBXSourcesBuildPhase section */

/* Begin PBXTargetDependency section */
		92D9558A22CA40FB00F34DB8 /* PBXTargetDependency */ = {
			isa = PBXTargetDependency;
			target = 92D9557322CA40F900F34DB8 /* Citanki */;
			targetProxy = 92D9558922CA40FB00F34DB8 /* PBXContainerItemProxy */;
		};
		92D9559522CA40FB00F34DB8 /* PBXTargetDependency */ = {
			isa = PBXTargetDependency;
			target = 92D9557322CA40F900F34DB8 /* Citanki */;
			targetProxy = 92D9559422CA40FB00F34DB8 /* PBXContainerItemProxy */;
		};
/* End PBXTargetDependency section */

/* Begin PBXVariantGroup section */
		92D955F522CA475F00F34DB8 /* LaunchScreen.storyboard */ = {
			isa = PBXVariantGroup;
			children = (
				92D955F622CA475F00F34DB8 /* Base */,
			);
			name = LaunchScreen.storyboard;
			sourceTree = "<group>";
		};
		92D955F722CA475F00F34DB8 /* Main.storyboard */ = {
			isa = PBXVariantGroup;
			children = (
				92D955F822CA475F00F34DB8 /* Base */,
			);
			name = Main.storyboard;
			sourceTree = "<group>";
		};
/* End PBXVariantGroup section */

/* Begin XCBuildConfiguration section */
		92D9559A22CA40FB00F34DB8 /* Debug */ = {
			isa = XCBuildConfiguration;
			buildSettings = {
				ALWAYS_SEARCH_USER_PATHS = NO;
				CLANG_ANALYZER_NONNULL = YES;
				CLANG_ANALYZER_NUMBER_OBJECT_CONVERSION = YES_AGGRESSIVE;
				CLANG_CXX_LANGUAGE_STANDARD = "gnu++14";
				CLANG_CXX_LIBRARY = "libc++";
				CLANG_ENABLE_MODULES = YES;
				CLANG_ENABLE_OBJC_ARC = YES;
				CLANG_ENABLE_OBJC_WEAK = YES;
				CLANG_WARN_BLOCK_CAPTURE_AUTORELEASING = YES;
				CLANG_WARN_BOOL_CONVERSION = YES;
				CLANG_WARN_COMMA = YES;
				CLANG_WARN_CONSTANT_CONVERSION = YES;
				CLANG_WARN_DEPRECATED_OBJC_IMPLEMENTATIONS = YES;
				CLANG_WARN_DIRECT_OBJC_ISA_USAGE = YES_ERROR;
				CLANG_WARN_DOCUMENTATION_COMMENTS = YES;
				CLANG_WARN_EMPTY_BODY = YES;
				CLANG_WARN_ENUM_CONVERSION = YES;
				CLANG_WARN_INFINITE_RECURSION = YES;
				CLANG_WARN_INT_CONVERSION = YES;
				CLANG_WARN_NON_LITERAL_NULL_CONVERSION = YES;
				CLANG_WARN_OBJC_IMPLICIT_RETAIN_SELF = YES;
				CLANG_WARN_OBJC_LITERAL_CONVERSION = YES;
				CLANG_WARN_OBJC_ROOT_CLASS = YES_ERROR;
				CLANG_WARN_RANGE_LOOP_ANALYSIS = YES;
				CLANG_WARN_STRICT_PROTOTYPES = YES;
				CLANG_WARN_SUSPICIOUS_MOVE = YES;
				CLANG_WARN_UNGUARDED_AVAILABILITY = YES_AGGRESSIVE;
				CLANG_WARN_UNREACHABLE_CODE = YES;
				CLANG_WARN__DUPLICATE_METHOD_MATCH = YES;
				CODE_SIGN_IDENTITY = "iPhone Developer";
				COPY_PHASE_STRIP = NO;
				DEBUG_INFORMATION_FORMAT = dwarf;
				ENABLE_STRICT_OBJC_MSGSEND = YES;
				ENABLE_TESTABILITY = YES;
				GCC_C_LANGUAGE_STANDARD = gnu11;
				GCC_DYNAMIC_NO_PIC = NO;
				GCC_NO_COMMON_BLOCKS = YES;
				GCC_OPTIMIZATION_LEVEL = 0;
				GCC_PREPROCESSOR_DEFINITIONS = (
					"DEBUG=1",
					"$(inherited)",
				);
				GCC_WARN_64_TO_32_BIT_CONVERSION = YES;
				GCC_WARN_ABOUT_RETURN_TYPE = YES_ERROR;
				GCC_WARN_UNDECLARED_SELECTOR = YES;
				GCC_WARN_UNINITIALIZED_AUTOS = YES_AGGRESSIVE;
				GCC_WARN_UNUSED_FUNCTION = YES;
				GCC_WARN_UNUSED_VARIABLE = YES;
				IPHONEOS_DEPLOYMENT_TARGET = 12.2;
				MTL_ENABLE_DEBUG_INFO = INCLUDE_SOURCE;
				MTL_FAST_MATH = YES;
				ONLY_ACTIVE_ARCH = YES;
				SDKROOT = iphoneos;
				SWIFT_ACTIVE_COMPILATION_CONDITIONS = DEBUG;
				SWIFT_OPTIMIZATION_LEVEL = "-Onone";
			};
			name = Debug;
		};
		92D9559B22CA40FB00F34DB8 /* Release */ = {
			isa = XCBuildConfiguration;
			buildSettings = {
				ALWAYS_SEARCH_USER_PATHS = NO;
				CLANG_ANALYZER_NONNULL = YES;
				CLANG_ANALYZER_NUMBER_OBJECT_CONVERSION = YES_AGGRESSIVE;
				CLANG_CXX_LANGUAGE_STANDARD = "gnu++14";
				CLANG_CXX_LIBRARY = "libc++";
				CLANG_ENABLE_MODULES = YES;
				CLANG_ENABLE_OBJC_ARC = YES;
				CLANG_ENABLE_OBJC_WEAK = YES;
				CLANG_WARN_BLOCK_CAPTURE_AUTORELEASING = YES;
				CLANG_WARN_BOOL_CONVERSION = YES;
				CLANG_WARN_COMMA = YES;
				CLANG_WARN_CONSTANT_CONVERSION = YES;
				CLANG_WARN_DEPRECATED_OBJC_IMPLEMENTATIONS = YES;
				CLANG_WARN_DIRECT_OBJC_ISA_USAGE = YES_ERROR;
				CLANG_WARN_DOCUMENTATION_COMMENTS = YES;
				CLANG_WARN_EMPTY_BODY = YES;
				CLANG_WARN_ENUM_CONVERSION = YES;
				CLANG_WARN_INFINITE_RECURSION = YES;
				CLANG_WARN_INT_CONVERSION = YES;
				CLANG_WARN_NON_LITERAL_NULL_CONVERSION = YES;
				CLANG_WARN_OBJC_IMPLICIT_RETAIN_SELF = YES;
				CLANG_WARN_OBJC_LITERAL_CONVERSION = YES;
				CLANG_WARN_OBJC_ROOT_CLASS = YES_ERROR;
				CLANG_WARN_RANGE_LOOP_ANALYSIS = YES;
				CLANG_WARN_STRICT_PROTOTYPES = YES;
				CLANG_WARN_SUSPICIOUS_MOVE = YES;
				CLANG_WARN_UNGUARDED_AVAILABILITY = YES_AGGRESSIVE;
				CLANG_WARN_UNREACHABLE_CODE = YES;
				CLANG_WARN__DUPLICATE_METHOD_MATCH = YES;
				CODE_SIGN_IDENTITY = "iPhone Developer";
				COPY_PHASE_STRIP = NO;
				DEBUG_INFORMATION_FORMAT = "dwarf-with-dsym";
				ENABLE_NS_ASSERTIONS = NO;
				ENABLE_STRICT_OBJC_MSGSEND = YES;
				GCC_C_LANGUAGE_STANDARD = gnu11;
				GCC_NO_COMMON_BLOCKS = YES;
				GCC_WARN_64_TO_32_BIT_CONVERSION = YES;
				GCC_WARN_ABOUT_RETURN_TYPE = YES_ERROR;
				GCC_WARN_UNDECLARED_SELECTOR = YES;
				GCC_WARN_UNINITIALIZED_AUTOS = YES_AGGRESSIVE;
				GCC_WARN_UNUSED_FUNCTION = YES;
				GCC_WARN_UNUSED_VARIABLE = YES;
				IPHONEOS_DEPLOYMENT_TARGET = 12.2;
				MTL_ENABLE_DEBUG_INFO = NO;
				MTL_FAST_MATH = YES;
				SDKROOT = iphoneos;
				SWIFT_COMPILATION_MODE = wholemodule;
				SWIFT_OPTIMIZATION_LEVEL = "-O";
				VALIDATE_PRODUCT = YES;
			};
			name = Release;
		};
		92D9559D22CA40FB00F34DB8 /* Debug */ = {
			isa = XCBuildConfiguration;
			baseConfigurationReference = 8ED487D1DFFED2A461AA76CE /* Pods-Citanki.debug.xcconfig */;
			buildSettings = {
				ASSETCATALOG_COMPILER_APPICON_NAME = AppIcon;
				CODE_SIGN_STYLE = Automatic;
				DEVELOPMENT_TEAM = NM36QJ4P82;
				INFOPLIST_FILE = Citanki/Info.plist;
				LD_RUNPATH_SEARCH_PATHS = (
					"$(inherited)",
					"@executable_path/Frameworks",
				);
				PRODUCT_BUNDLE_IDENTIFIER = alanvictor.Citanki;
				PRODUCT_NAME = "$(TARGET_NAME)";
				SWIFT_VERSION = 5.0;
				TARGETED_DEVICE_FAMILY = "1,2";
			};
			name = Debug;
		};
		92D9559E22CA40FB00F34DB8 /* Release */ = {
			isa = XCBuildConfiguration;
			baseConfigurationReference = 988EDD4FB9893D065BC49E91 /* Pods-Citanki.release.xcconfig */;
			buildSettings = {
				ASSETCATALOG_COMPILER_APPICON_NAME = AppIcon;
				CODE_SIGN_STYLE = Automatic;
				DEVELOPMENT_TEAM = NM36QJ4P82;
				INFOPLIST_FILE = Citanki/Info.plist;
				LD_RUNPATH_SEARCH_PATHS = (
					"$(inherited)",
					"@executable_path/Frameworks",
				);
				PRODUCT_BUNDLE_IDENTIFIER = alanvictor.Citanki;
				PRODUCT_NAME = "$(TARGET_NAME)";
				SWIFT_VERSION = 5.0;
				TARGETED_DEVICE_FAMILY = "1,2";
			};
			name = Release;
		};
		92D955A022CA40FB00F34DB8 /* Debug */ = {
			isa = XCBuildConfiguration;
			baseConfigurationReference = 9FE7170F46C3CB1333B27909 /* Pods-CitankiTests.debug.xcconfig */;
			buildSettings = {
				ALWAYS_EMBED_SWIFT_STANDARD_LIBRARIES = YES;
				BUNDLE_LOADER = "$(TEST_HOST)";
				CODE_SIGN_STYLE = Automatic;
				DEVELOPMENT_TEAM = NM36QJ4P82;
				INFOPLIST_FILE = CitankiTests/Info.plist;
				LD_RUNPATH_SEARCH_PATHS = (
					"$(inherited)",
					"@executable_path/Frameworks",
					"@loader_path/Frameworks",
				);
				PRODUCT_BUNDLE_IDENTIFIER = alanvictor.CitankiTests;
				PRODUCT_NAME = "$(TARGET_NAME)";
				SWIFT_VERSION = 5.0;
				TARGETED_DEVICE_FAMILY = "1,2";
				TEST_HOST = "$(BUILT_PRODUCTS_DIR)/Citanki.app/Citanki";
			};
			name = Debug;
		};
		92D955A122CA40FB00F34DB8 /* Release */ = {
			isa = XCBuildConfiguration;
			baseConfigurationReference = 4CD3B8D79007CD9AD34E3762 /* Pods-CitankiTests.release.xcconfig */;
			buildSettings = {
				ALWAYS_EMBED_SWIFT_STANDARD_LIBRARIES = YES;
				BUNDLE_LOADER = "$(TEST_HOST)";
				CODE_SIGN_STYLE = Automatic;
				DEVELOPMENT_TEAM = NM36QJ4P82;
				INFOPLIST_FILE = CitankiTests/Info.plist;
				LD_RUNPATH_SEARCH_PATHS = (
					"$(inherited)",
					"@executable_path/Frameworks",
					"@loader_path/Frameworks",
				);
				PRODUCT_BUNDLE_IDENTIFIER = alanvictor.CitankiTests;
				PRODUCT_NAME = "$(TARGET_NAME)";
				SWIFT_VERSION = 5.0;
				TARGETED_DEVICE_FAMILY = "1,2";
				TEST_HOST = "$(BUILT_PRODUCTS_DIR)/Citanki.app/Citanki";
			};
			name = Release;
		};
		92D955A322CA40FB00F34DB8 /* Debug */ = {
			isa = XCBuildConfiguration;
			baseConfigurationReference = 519D4FD7501BB43EF197DFB1 /* Pods-CitankiUITests.debug.xcconfig */;
			buildSettings = {
				ALWAYS_EMBED_SWIFT_STANDARD_LIBRARIES = YES;
				CODE_SIGN_STYLE = Automatic;
				DEVELOPMENT_TEAM = NM36QJ4P82;
				INFOPLIST_FILE = CitankiUITests/Info.plist;
				LD_RUNPATH_SEARCH_PATHS = (
					"$(inherited)",
					"@executable_path/Frameworks",
					"@loader_path/Frameworks",
				);
				PRODUCT_BUNDLE_IDENTIFIER = alanvictor.CitankiUITests;
				PRODUCT_NAME = "$(TARGET_NAME)";
				SWIFT_VERSION = 5.0;
				TARGETED_DEVICE_FAMILY = "1,2";
				TEST_TARGET_NAME = Citanki;
			};
			name = Debug;
		};
		92D955A422CA40FB00F34DB8 /* Release */ = {
			isa = XCBuildConfiguration;
			baseConfigurationReference = D987305E025B7E7011D5C29E /* Pods-CitankiUITests.release.xcconfig */;
			buildSettings = {
				ALWAYS_EMBED_SWIFT_STANDARD_LIBRARIES = YES;
				CODE_SIGN_STYLE = Automatic;
				DEVELOPMENT_TEAM = NM36QJ4P82;
				INFOPLIST_FILE = CitankiUITests/Info.plist;
				LD_RUNPATH_SEARCH_PATHS = (
					"$(inherited)",
					"@executable_path/Frameworks",
					"@loader_path/Frameworks",
				);
				PRODUCT_BUNDLE_IDENTIFIER = alanvictor.CitankiUITests;
				PRODUCT_NAME = "$(TARGET_NAME)";
				SWIFT_VERSION = 5.0;
				TARGETED_DEVICE_FAMILY = "1,2";
				TEST_TARGET_NAME = Citanki;
			};
			name = Release;
		};
/* End XCBuildConfiguration section */

/* Begin XCConfigurationList section */
		92D9556F22CA40F900F34DB8 /* Build configuration list for PBXProject "Citanki" */ = {
			isa = XCConfigurationList;
			buildConfigurations = (
				92D9559A22CA40FB00F34DB8 /* Debug */,
				92D9559B22CA40FB00F34DB8 /* Release */,
			);
			defaultConfigurationIsVisible = 0;
			defaultConfigurationName = Release;
		};
		92D9559C22CA40FB00F34DB8 /* Build configuration list for PBXNativeTarget "Citanki" */ = {
			isa = XCConfigurationList;
			buildConfigurations = (
				92D9559D22CA40FB00F34DB8 /* Debug */,
				92D9559E22CA40FB00F34DB8 /* Release */,
			);
			defaultConfigurationIsVisible = 0;
			defaultConfigurationName = Release;
		};
		92D9559F22CA40FB00F34DB8 /* Build configuration list for PBXNativeTarget "CitankiTests" */ = {
			isa = XCConfigurationList;
			buildConfigurations = (
				92D955A022CA40FB00F34DB8 /* Debug */,
				92D955A122CA40FB00F34DB8 /* Release */,
			);
			defaultConfigurationIsVisible = 0;
			defaultConfigurationName = Release;
		};
		92D955A222CA40FB00F34DB8 /* Build configuration list for PBXNativeTarget "CitankiUITests" */ = {
			isa = XCConfigurationList;
			buildConfigurations = (
				92D955A322CA40FB00F34DB8 /* Debug */,
				92D955A422CA40FB00F34DB8 /* Release */,
			);
			defaultConfigurationIsVisible = 0;
			defaultConfigurationName = Release;
		};
/* End XCConfigurationList section */

/* Begin XCVersionGroup section */
		92D955F022CA475F00F34DB8 /* Citanki.xcdatamodeld */ = {
			isa = XCVersionGroup;
			children = (
				92D955F122CA475F00F34DB8 /* Citanki.xcdatamodel */,
			);
			currentVersion = 92D955F122CA475F00F34DB8 /* Citanki.xcdatamodel */;
			path = Citanki.xcdatamodeld;
			sourceTree = "<group>";
			versionGroupType = wrapper.xcdatamodel;
		};
/* End XCVersionGroup section */
	};
	rootObject = 92D9556C22CA40F900F34DB8 /* Project object */;
}
